PODS:
  - Alamofire (5.7.1)
  - lottie-ios (4.2.0)
  - Nuke (10.7.1)
  - SnapshotTesting (1.8.2)

DEPENDENCIES:
  - Alamofire (= 5.7.1)
  - lottie-ios
  - Nuke (= 10.7.1)
  - SnapshotTesting (~> 1.8.1)

SPEC REPOS:
  trunk:
    - Alamofire
    - lottie-ios
    - Nuke
    - SnapshotTesting

SPEC CHECKSUMS:
  Alamofire: 0123a34370cb170936ae79a8df46cc62b2edeb88
  lottie-ios: 809ecf2d460ed650a6aed7aa88b2ec45fab4779c
  Nuke: 279f17a599fd1c83cf51de5e0e1f2db143a287b0
  SnapshotTesting: 38947050d13960d57a4a9c166fcf51bca7d56970

PODFILE CHECKSUM: 8dce87b5830d7e35684e50a603f80a26350384f3

COCOAPODS: 1.12.1
